
Microsoft Visual Studio Solution File, Format Version 12.00
# Visual Studio 2013
VisualStudioVersion = 12.0.31101.0
MinimumVisualStudioVersion = 10.0.40219.1
Project("{FAE04EC0-301F-11D3-BF4B-00C04F79EFBC}") = "PlayTime", "PlayTime\PlayTime.csproj", "{8A011BA4-3CED-4F16-843F-8029BFD7D894}"
EndProject
Project("{FAE04EC0-301F-11D3-BF4B-00C04F79EFBC}") = "dataBinding", "dataBinding\dataBinding.csproj", "{B3ECCF64-E76A-4098-89BF-B05D8CF02095}"
EndProject
Global
	GlobalSection(SolutionConfigurationPlatforms) = preSolution
		Debug|Any CPU = Debug|Any CPU
		Release|Any CPU = Release|Any CPU
	EndGlobalSection
	GlobalSection(ProjectConfigurationPlatforms) = postSolution
		{8A011BA4-3CED-4F16-843F-8029BFD7D894}.Debug|Any CPU.ActiveCfg = Debug|Any CPU
		{8A011BA4-3CED-4F16-843F-8029BFD7D894}.Debug|Any CPU.Build.0 = Debug|Any CPU
		{8A011BA4-3CED-4F16-843F-8029BFD7D894}.Release|Any CPU.ActiveCfg = Release|Any CPU
		{8A011BA4-3CED-4F16-843F-8029BFD7D894}.Release|Any CPU.Build.0 = Release|Any CPU
		{B3ECCF64-E76A-4098-89BF-B05D8CF02095}.Debug|Any CPU.ActiveCfg = Debug|Any CPU
		{B3ECCF64-E76A-4098-89BF-B05D8CF02095}.Debug|Any CPU.Build.0 = Debug|Any CPU
		{B3ECCF64-E76A-4098-89BF-B05D8CF02095}.Release|Any CPU.ActiveCfg = Release|Any CPU
		{B3ECCF64-E76A-4098-89BF-B05D8CF02095}.Release|Any CPU.Build.0 = Release|Any CPU
	EndGlobalSection
	GlobalSection(SolutionProperties) = preSolution
		HideSolutionNode = FALSE
	EndGlobalSection
EndGlobal
